// !$*UTF8*$!
{
	archiveVersion = 1;
	classes = {
	};
	objectVersion = 50;
	objects = {

/* Begin PBXBuildFile section */
		52338D9627437D3F0025C4F7 /* SampleDelegateApp.swift in Sources */ = {isa = PBXBuildFile; fileRef = 52338D9527437D3F0025C4F7 /* SampleDelegateApp.swift */; };
		52338D9827437D3F0025C4F7 /* ContentView.swift in Sources */ = {isa = PBXBuildFile; fileRef = 52338D9727437D3F0025C4F7 /* ContentView.swift */; };
		52338D9A27437D450025C4F7 /* Assets.xcassets in Resources */ = {isa = PBXBuildFile; fileRef = 52338D9927437D450025C4F7 /* Assets.xcassets */; };
		52338D9D27437D450025C4F7 /* Preview Assets.xcassets in Resources */ = {isa = PBXBuildFile; fileRef = 52338D9C27437D450025C4F7 /* Preview Assets.xcassets */; };
		52338DA827437D460025C4F7 /* SampleDelegateTests.swift in Sources */ = {isa = PBXBuildFile; fileRef = 52338DA727437D460025C4F7 /* SampleDelegateTests.swift */; };
		52338DB327437D460025C4F7 /* SampleDelegateUITests.swift in Sources */ = {isa = PBXBuildFile; fileRef = 52338DB227437D460025C4F7 /* SampleDelegateUITests.swift */; };
		52338DC427437D6B0025C4F7 /* TestViewController.swift in Sources */ = {isa = PBXBuildFile; fileRef = 52338DC327437D6B0025C4F7 /* TestViewController.swift */; };
		52338DC927437DAF0025C4F7 /* TestChildView.swift in Sources */ = {isa = PBXBuildFile; fileRef = 52338DC827437DAF0025C4F7 /* TestChildView.swift */; };
		52338DCE27437DC90025C4F7 /* TestDelegate.swift in Sources */ = {isa = PBXBuildFile; fileRef = 52338DCD27437DC90025C4F7 /* TestDelegate.swift */; };
/* End PBXBuildFile section */

/* Begin PBXContainerItemProxy section */
		52338DA427437D460025C4F7 /* PBXContainerItemProxy */ = {
			isa = PBXContainerItemProxy;
			containerPortal = 52338D8A27437D3F0025C4F7 /* Project object */;
			proxyType = 1;
			remoteGlobalIDString = 52338D9127437D3F0025C4F7;
			remoteInfo = SampleDelegate;
		};
		52338DAF27437D460025C4F7 /* PBXContainerItemProxy */ = {
			isa = PBXContainerItemProxy;
			containerPortal = 52338D8A27437D3F0025C4F7 /* Project object */;
			proxyType = 1;
			remoteGlobalIDString = 52338D9127437D3F0025C4F7;
			remoteInfo = SampleDelegate;
		};
/* End PBXContainerItemProxy section */

/* Begin PBXFileReference section */
		52338D9227437D3F0025C4F7 /* SampleDelegate.app */ = {isa = PBXFileReference; explicitFileType = wrapper.application; includeInIndex = 0; path = SampleDelegate.app; sourceTree = BUILT_PRODUCTS_DIR; };
		52338D9527437D3F0025C4F7 /* SampleDelegateApp.swift */ = {isa = PBXFileReference; lastKnownFileType = sourcecode.swift; path = SampleDelegateApp.swift; sourceTree = "<group>"; };
		52338D9727437D3F0025C4F7 /* ContentView.swift */ = {isa = PBXFileReference; lastKnownFileType = sourcecode.swift; path = ContentView.swift; sourceTree = "<group>"; };
		52338D9927437D450025C4F7 /* Assets.xcassets */ = {isa = PBXFileReference; lastKnownFileType = folder.assetcatalog; path = Assets.xcassets; sourceTree = "<group>"; };
		52338D9C27437D450025C4F7 /* Preview Assets.xcassets */ = {isa = PBXFileReference; lastKnownFileType = folder.assetcatalog; path = "Preview Assets.xcassets"; sourceTree = "<group>"; };
		52338D9E27437D450025C4F7 /* Info.plist */ = {isa = PBXFileReference; lastKnownFileType = text.plist.xml; path = Info.plist; sourceTree = "<group>"; };
		52338DA327437D460025C4F7 /* SampleDelegateTests.xctest */ = {isa = PBXFileReference; explicitFileType = wrapper.cfbundle; includeInIndex = 0; path = SampleDelegateTests.xctest; sourceTree = BUILT_PRODUCTS_DIR; };
		52338DA727437D460025C4F7 /* SampleDelegateTests.swift */ = {isa = PBXFileReference; lastKnownFileType = sourcecode.swift; path = SampleDelegateTests.swift; sourceTree = "<group>"; };
		52338DA927437D460025C4F7 /* Info.plist */ = {isa = PBXFileReference; lastKnownFileType = text.plist.xml; path = Info.plist; sourceTree = "<group>"; };
		52338DAE27437D460025C4F7 /* SampleDelegateUITests.xctest */ = {isa = PBXFileReference; explicitFileType = wrapper.cfbundle; includeInIndex = 0; path = SampleDelegateUITests.xctest; sourceTree = BUILT_PRODUCTS_DIR; };
		52338DB227437D460025C4F7 /* SampleDelegateUITests.swift */ = {isa = PBXFileReference; lastKnownFileType = sourcecode.swift; path = SampleDelegateUITests.swift; sourceTree = "<group>"; };
		52338DB427437D460025C4F7 /* Info.plist */ = {isa = PBXFileReference; lastKnownFileType = text.plist.xml; path = Info.plist; sourceTree = "<group>"; };
		52338DC327437D6B0025C4F7 /* TestViewController.swift */ = {isa = PBXFileReference; lastKnownFileType = sourcecode.swift; path = TestViewController.swift; sourceTree = "<group>"; };
		52338DC827437DAF0025C4F7 /* TestChildView.swift */ = {isa = PBXFileReference; lastKnownFileType = sourcecode.swift; path = TestChildView.swift; sourceTree = "<group>"; };
		52338DCD27437DC90025C4F7 /* TestDelegate.swift */ = {isa = PBXFileReference; lastKnownFileType = sourcecode.swift; path = TestDelegate.swift; sourceTree = "<group>"; };
/* End PBXFileReference section */

/* Begin PBXFrameworksBuildPhase section */
		52338D8F27437D3F0025C4F7 /* Frameworks */ = {
			isa = PBXFrameworksBuildPhase;
			buildActionMask = 2147483647;
			files = (
			);
			runOnlyForDeploymentPostprocessing = 0;
		};
		52338DA027437D460025C4F7 /* Frameworks */ = {
			isa = PBXFrameworksBuildPhase;
			buildActionMask = 2147483647;
			files = (
			);
			runOnlyForDeploymentPostprocessing = 0;
		};
		52338DAB27437D460025C4F7 /* Frameworks */ = {
			isa = PBXFrameworksBuildPhase;
			buildActionMask = 2147483647;
			files = (
			);
			runOnlyForDeploymentPostprocessing = 0;
		};
/* End PBXFrameworksBuildPhase section */

/* Begin PBXGroup section */
		52338D8927437D3F0025C4F7 = {
			isa = PBXGroup;
			children = (
				52338D9427437D3F0025C4F7 /* SampleDelegate */,
				52338DA627437D460025C4F7 /* SampleDelegateTests */,
				52338DB127437D460025C4F7 /* SampleDelegateUITests */,
				52338D9327437D3F0025C4F7 /* Products */,
			);
			sourceTree = "<group>";
		};
		52338D9327437D3F0025C4F7 /* Products */ = {
			isa = PBXGroup;
			children = (
				52338D9227437D3F0025C4F7 /* SampleDelegate.app */,
				52338DA327437D460025C4F7 /* SampleDelegateTests.xctest */,
				52338DAE27437D460025C4F7 /* SampleDelegateUITests.xctest */,
			);
			name = Products;
			sourceTree = "<group>";
		};
		52338D9427437D3F0025C4F7 /* SampleDelegate */ = {
			isa = PBXGroup;
			children = (
				52338D9527437D3F0025C4F7 /* SampleDelegateApp.swift */,
				52338D9727437D3F0025C4F7 /* ContentView.swift */,
				52338D9927437D450025C4F7 /* Assets.xcassets */,
				52338D9E27437D450025C4F7 /* Info.plist */,
				52338D9B27437D450025C4F7 /* Preview Content */,
				52338DC327437D6B0025C4F7 /* TestViewController.swift */,
				52338DC827437DAF0025C4F7 /* TestChildView.swift */,
				52338DCD27437DC90025C4F7 /* TestDelegate.swift */,
			);
			path = SampleDelegate;
			sourceTree = "<group>";
		};
		52338D9B27437D450025C4F7 /* Preview Content */ = {
			isa = PBXGroup;
			children = (
				52338D9C27437D450025C4F7 /* Preview Assets.xcassets */,
			);
			path = "Preview Content";
			sourceTree = "<group>";
		};
		52338DA627437D460025C4F7 /* SampleDelegateTests */ = {
			isa = PBXGroup;
			children = (
				52338DA727437D460025C4F7 /* SampleDelegateTests.swift */,
				52338DA927437D460025C4F7 /* Info.plist */,
			);
			path = SampleDelegateTests;
			sourceTree = "<group>";
		};
		52338DB127437D460025C4F7 /* SampleDelegateUITests */ = {
			isa = PBXGroup;
			children = (
				52338DB227437D460025C4F7 /* SampleDelegateUITests.swift */,
				52338DB427437D460025C4F7 /* Info.plist */,
			);
			path = SampleDelegateUITests;
			sourceTree = "<group>";
		};
/* End PBXGroup section */

/* Begin PBXNativeTarget section */
		52338D9127437D3F0025C4F7 /* SampleDelegate */ = {
			isa = PBXNativeTarget;
			buildConfigurationList = 52338DB727437D460025C4F7 /* Build configuration list for PBXNativeTarget "SampleDelegate" */;
			buildPhases = (
				52338D8E27437D3F0025C4F7 /* Sources */,
				52338D8F27437D3F0025C4F7 /* Frameworks */,
				52338D9027437D3F0025C4F7 /* Resources */,
			);
			buildRules = (
			);
			dependencies = (
			);
			name = SampleDelegate;
			productName = SampleDelegate;
			productReference = 52338D9227437D3F0025C4F7 /* SampleDelegate.app */;
			productType = "com.apple.product-type.application";
		};
		52338DA227437D460025C4F7 /* SampleDelegateTests */ = {
			isa = PBXNativeTarget;
			buildConfigurationList = 52338DBA27437D460025C4F7 /* Build configuration list for PBXNativeTarget "SampleDelegateTests" */;
			buildPhases = (
				52338D9F27437D460025C4F7 /* Sources */,
				52338DA027437D460025C4F7 /* Frameworks */,
				52338DA127437D460025C4F7 /* Resources */,
			);
			buildRules = (
			);
			dependencies = (
				52338DA527437D460025C4F7 /* PBXTargetDependency */,
			);
			name = SampleDelegateTests;
			productName = SampleDelegateTests;
			productReference = 52338DA327437D460025C4F7 /* SampleDelegateTests.xctest */;
			productType = "com.apple.product-type.bundle.unit-test";
		};
		52338DAD27437D460025C4F7 /* SampleDelegateUITests */ = {
			isa = PBXNativeTarget;
			buildConfigurationList = 52338DBD27437D460025C4F7 /* Build configuration list for PBXNativeTarget "SampleDelegateUITests" */;
			buildPhases = (
				52338DAA27437D460025C4F7 /* Sources */,
				52338DAB27437D460025C4F7 /* Frameworks */,
				52338DAC27437D460025C4F7 /* Resources */,
			);
			buildRules = (
			);
			dependencies = (
				52338DB027437D460025C4F7 /* PBXTargetDependency */,
			);
			name = SampleDelegateUITests;
			productName = SampleDelegateUITests;
			productReference = 52338DAE27437D460025C4F7 /* SampleDelegateUITests.xctest */;
			productType = "com.apple.product-type.bundle.ui-testing";
		};
/* End PBXNativeTarget section */

/* Begin PBXProject section */
		52338D8A27437D3F0025C4F7 /* Project object */ = {
			isa = PBXProject;
			attributes = {
				LastSwiftUpdateCheck = 1240;
				LastUpgradeCheck = 1240;
				TargetAttributes = {
					52338D9127437D3F0025C4F7 = {
						CreatedOnToolsVersion = 12.4;
					};
					52338DA227437D460025C4F7 = {
						CreatedOnToolsVersion = 12.4;
						TestTargetID = 52338D9127437D3F0025C4F7;
					};
					52338DAD27437D460025C4F7 = {
						CreatedOnToolsVersion = 12.4;
						TestTargetID = 52338D9127437D3F0025C4F7;
					};
				};
			};
			buildConfigurationList = 52338D8D27437D3F0025C4F7 /* Build configuration list for PBXProject "SampleDelegate" */;
			compatibilityVersion = "Xcode 9.3";
			developmentRegion = en;
			hasScannedForEncodings = 0;
			knownRegions = (
				en,
				Base,
			);
			mainGroup = 52338D8927437D3F0025C4F7;
			productRefGroup = 52338D9327437D3F0025C4F7 /* Products */;
			projectDirPath = "";
			projectRoot = "";
			targets = (
				52338D9127437D3F0025C4F7 /* SampleDelegate */,
				52338DA227437D460025C4F7 /* SampleDelegateTests */,
				52338DAD27437D460025C4F7 /* SampleDelegateUITests */,
			);
		};
/* End PBXProject section */

/* Begin PBXResourcesBuildPhase section */
		52338D9027437D3F0025C4F7 /* Resources */ = {
			isa = PBXResourcesBuildPhase;
			buildActionMask = 2147483647;
			files = (
				52338D9D27437D450025C4F7 /* Preview Assets.xcassets in Resources */,
				52338D9A27437D450025C4F7 /* Assets.xcassets in Resources */,
			);
			runOnlyForDeploymentPostprocessing = 0;
		};
		52338DA127437D460025C4F7 /* Resources */ = {
			isa = PBXResourcesBuildPhase;
			buildActionMask = 2147483647;
			files = (
			);
			runOnlyForDeploymentPostprocessing = 0;
		};
		52338DAC27437D460025C4F7 /* Resources */ = {
			isa = PBXResourcesBuildPhase;
			buildActionMask = 2147483647;
			files = (
			);
			runOnlyForDeploymentPostprocessing = 0;
		};
/* End PBXResourcesBuildPhase section */

/* Begin PBXSourcesBuildPhase section */
		52338D8E27437D3F0025C4F7 /* Sources */ = {
			isa = PBXSourcesBuildPhase;
			buildActionMask = 2147483647;
			files = (
				52338D9827437D3F0025C4F7 /* ContentView.swift in Sources */,
				52338DC927437DAF0025C4F7 /* TestChildView.swift in Sources */,
				52338DC427437D6B0025C4F7 /* TestViewController.swift in Sources */,
				52338D9627437D3F0025C4F7 /* SampleDelegateApp.swift in Sources */,
				52338DCE27437DC90025C4F7 /* TestDelegate.swift in Sources */,
			);
			runOnlyForDeploymentPostprocessing = 0;
		};
		52338D9F27437D460025C4F7 /* Sources */ = {
			isa = PBXSourcesBuildPhase;
			buildActionMask = 2147483647;
			files = (
				52338DA827437D460025C4F7 /* SampleDelegateTests.swift in Sources */,
			);
			runOnlyForDeploymentPostprocessing = 0;
		};
		52338DAA27437D460025C4F7 /* Sources */ = {
			isa = PBXSourcesBuildPhase;
			buildActionMask = 2147483647;
			files = (
				52338DB327437D460025C4F7 /* SampleDelegateUITests.swift in Sources */,
			);
			runOnlyForDeploymentPostprocessing = 0;
		};
/* End PBXSourcesBuildPhase section */

/* Begin PBXTargetDependency section */
		52338DA527437D460025C4F7 /* PBXTargetDependency */ = {
			isa = PBXTargetDependency;
			target = 52338D9127437D3F0025C4F7 /* SampleDelegate */;
			targetProxy = 52338DA427437D460025C4F7 /* PBXContainerItemProxy */;
		};
		52338DB027437D460025C4F7 /* PBXTargetDependency */ = {
			isa = PBXTargetDependency;
			target = 52338D9127437D3F0025C4F7 /* SampleDelegate */;
			targetProxy = 52338DAF27437D460025C4F7 /* PBXContainerItemProxy */;
		};
/* End PBXTargetDependency section */

/* Begin XCBuildConfiguration section */
		52338DB527437D460025C4F7 /* Debug */ = {
			isa = XCBuildConfiguration;
			buildSettings = {
				ALWAYS_SEARCH_USER_PATHS = NO;
				CLANG_ANALYZER_NONNULL = YES;
				CLANG_ANALYZER_NUMBER_OBJECT_CONVERSION = YES_AGGRESSIVE;
				CLANG_CXX_LANGUAGE_STANDARD = "gnu++14";
				CLANG_CXX_LIBRARY = "libc++";
				CLANG_ENABLE_MODULES = YES;
				CLANG_ENABLE_OBJC_ARC = YES;
				CLANG_ENABLE_OBJC_WEAK = YES;
				CLANG_WARN_BLOCK_CAPTURE_AUTORELEASING = YES;
				CLANG_WARN_BOOL_CONVERSION = YES;
				CLANG_WARN_COMMA = YES;
				CLANG_WARN_CONSTANT_CONVERSION = YES;
				CLANG_WARN_DEPRECATED_OBJC_IMPLEMENTATIONS = YES;
				CLANG_WARN_DIRECT_OBJC_ISA_USAGE = YES_ERROR;
				CLANG_WARN_DOCUMENTATION_COMMENTS = YES;
				CLANG_WARN_EMPTY_BODY = YES;
				CLANG_WARN_ENUM_CONVERSION = YES;
				CLANG_WARN_INFINITE_RECURSION = YES;
				CLANG_WARN_INT_CONVERSION = YES;
				CLANG_WARN_NON_LITERAL_NULL_CONVERSION = YES;
				CLANG_WARN_OBJC_IMPLICIT_RETAIN_SELF = YES;
				CLANG_WARN_OBJC_LITERAL_CONVERSION = YES;
				CLANG_WARN_OBJC_ROOT_CLASS = YES_ERROR;
				CLANG_WARN_QUOTED_INCLUDE_IN_FRAMEWORK_HEADER = YES;
				CLANG_WARN_RANGE_LOOP_ANALYSIS = YES;
				CLANG_WARN_STRICT_PROTOTYPES = YES;
				CLANG_WARN_SUSPICIOUS_MOVE = YES;
				CLANG_WARN_UNGUARDED_AVAILABILITY = YES_AGGRESSIVE;
				CLANG_WARN_UNREACHABLE_CODE = YES;
				CLANG_WARN__DUPLICATE_METHOD_MATCH = YES;
				COPY_PHASE_STRIP = NO;
				DEBUG_INFORMATION_FORMAT = dwarf;
				ENABLE_STRICT_OBJC_MSGSEND = YES;
				ENABLE_TESTABILITY = YES;
				GCC_C_LANGUAGE_STANDARD = gnu11;
				GCC_DYNAMIC_NO_PIC = NO;
				GCC_NO_COMMON_BLOCKS = YES;
				GCC_OPTIMIZATION_LEVEL = 0;
				GCC_PREPROCESSOR_DEFINITIONS = (
					"DEBUG=1",
					"$(inherited)",
				);
				GCC_WARN_64_TO_32_BIT_CONVERSION = YES;
				GCC_WARN_ABOUT_RETURN_TYPE = YES_ERROR;
				GCC_WARN_UNDECLARED_SELECTOR = YES;
				GCC_WARN_UNINITIALIZED_AUTOS = YES_AGGRESSIVE;
				GCC_WARN_UNUSED_FUNCTION = YES;
				GCC_WARN_UNUSED_VARIABLE = YES;
				IPHONEOS_DEPLOYMENT_TARGET = 14.4;
				MTL_ENABLE_DEBUG_INFO = INCLUDE_SOURCE;
				MTL_FAST_MATH = YES;
				ONLY_ACTIVE_ARCH = YES;
				SDKROOT = iphoneos;
				SWIFT_ACTIVE_COMPILATION_CONDITIONS = DEBUG;
				SWIFT_OPTIMIZATION_LEVEL = "-Onone";
			};
			name = Debug;
		};
		52338DB627437D460025C4F7 /* Release */ = {
			isa = XCBuildConfiguration;
			buildSettings = {
				ALWAYS_SEARCH_USER_PATHS = NO;
				CLANG_ANALYZER_NONNULL = YES;
				CLANG_ANALYZER_NUMBER_OBJECT_CONVERSION = YES_AGGRESSIVE;
				CLANG_CXX_LANGUAGE_STANDARD = "gnu++14";
				CLANG_CXX_LIBRARY = "libc++";
				CLANG_ENABLE_MODULES = YES;
				CLANG_ENABLE_OBJC_ARC = YES;
				CLANG_ENABLE_OBJC_WEAK = YES;
				CLANG_WARN_BLOCK_CAPTURE_AUTORELEASING = YES;
				CLANG_WARN_BOOL_CONVERSION = YES;
				CLANG_WARN_COMMA = YES;
				CLANG_WARN_CONSTANT_CONVERSION = YES;
				CLANG_WARN_DEPRECATED_OBJC_IMPLEMENTATIONS = YES;
				CLANG_WARN_DIRECT_OBJC_ISA_USAGE = YES_ERROR;
				CLANG_WARN_DOCUMENTATION_COMMENTS = YES;
				CLANG_WARN_EMPTY_BODY = YES;
				CLANG_WARN_ENUM_CONVERSION = YES;
				CLANG_WARN_INFINITE_RECURSION = YES;
				CLANG_WARN_INT_CONVERSION = YES;
				CLANG_WARN_NON_LITERAL_NULL_CONVERSION = YES;
				CLANG_WARN_OBJC_IMPLICIT_RETAIN_SELF = YES;
				CLANG_WARN_OBJC_LITERAL_CONVERSION = YES;
				CLANG_WARN_OBJC_ROOT_CLASS = YES_ERROR;
				CLANG_WARN_QUOTED_INCLUDE_IN_FRAMEWORK_HEADER = YES;
				CLANG_WARN_RANGE_LOOP_ANALYSIS = YES;
				CLANG_WARN_STRICT_PROTOTYPES = YES;
				CLANG_WARN_SUSPICIOUS_MOVE = YES;
				CLANG_WARN_UNGUARDED_AVAILABILITY = YES_AGGRESSIVE;
				CLANG_WARN_UNREACHABLE_CODE = YES;
				CLANG_WARN__DUPLICATE_METHOD_MATCH = YES;
				COPY_PHASE_STRIP = NO;
				DEBUG_INFORMATION_FORMAT = "dwarf-with-dsym";
				ENABLE_NS_ASSERTIONS = NO;
				ENABLE_STRICT_OBJC_MSGSEND = YES;
				GCC_C_LANGUAGE_STANDARD = gnu11;
				GCC_NO_COMMON_BLOCKS = YES;
				GCC_WARN_64_TO_32_BIT_CONVERSION = YES;
				GCC_WARN_ABOUT_RETURN_TYPE = YES_ERROR;
				GCC_WARN_UNDECLARED_SELECTOR = YES;
				GCC_WARN_UNINITIALIZED_AUTOS = YES_AGGRESSIVE;
				GCC_WARN_UNUSED_FUNCTION = YES;
				GCC_WARN_UNUSED_VARIABLE = YES;
				IPHONEOS_DEPLOYMENT_TARGET = 14.4;
				MTL_ENABLE_DEBUG_INFO = NO;
				MTL_FAST_MATH = YES;
				SDKROOT = iphoneos;
				SWIFT_COMPILATION_MODE = wholemodule;
				SWIFT_OPTIMIZATION_LEVEL = "-O";
				VALIDATE_PRODUCT = YES;
			};
			name = Release;
		};
		52338DB827437D460025C4F7 /* Debug */ = {
			isa = XCBuildConfiguration;
			buildSettings = {
				ASSETCATALOG_COMPILER_APPICON_NAME = AppIcon;
				ASSETCATALOG_COMPILER_GLOBAL_ACCENT_COLOR_NAME = AccentColor;
				CODE_SIGN_STYLE = Automatic;
				DEVELOPMENT_ASSET_PATHS = "\"SampleDelegate/Preview Content\"";
				ENABLE_PREVIEWS = YES;
				INFOPLIST_FILE = SampleDelegate/Info.plist;
				IPHONEOS_DEPLOYMENT_TARGET = 14.0;
				LD_RUNPATH_SEARCH_PATHS = (
					"$(inherited)",
					"@executable_path/Frameworks",
				);
				PRODUCT_BUNDLE_IDENTIFIER = "tk-hase.SampleDelegate";
				PRODUCT_NAME = "$(TARGET_NAME)";
				SWIFT_VERSION = 5.0;
				TARGETED_DEVICE_FAMILY = "1,2";
			};
			name = Debug;
		};
		52338DB927437D460025C4F7 /* Release */ = {
			isa = XCBuildConfiguration;
			buildSettings = {
				ASSETCATALOG_COMPILER_APPICON_NAME = AppIcon;
				ASSETCATALOG_COMPILER_GLOBAL_ACCENT_COLOR_NAME = AccentColor;
				CODE_SIGN_STYLE = Automatic;
				DEVELOPMENT_ASSET_PATHS = "\"SampleDelegate/Preview Content\"";
				ENABLE_PREVIEWS = YES;
				INFOPLIST_FILE = SampleDelegate/Info.plist;
				IPHONEOS_DEPLOYMENT_TARGET = 14.0;
				LD_RUNPATH_SEARCH_PATHS = (
					"$(inherited)",
					"@executable_path/Frameworks",
				);
				PRODUCT_BUNDLE_IDENTIFIER = "tk-hase.SampleDelegate";
				PRODUCT_NAME = "$(TARGET_NAME)";
				SWIFT_VERSION = 5.0;
				TARGETED_DEVICE_FAMILY = "1,2";
			};
			name = Release;
		};
		52338DBB27437D460025C4F7 /* Debug */ = {
			isa = XCBuildConfiguration;
			buildSettings = {
				ALWAYS_EMBED_SWIFT_STANDARD_LIBRARIES = YES;
				BUNDLE_LOADER = "$(TEST_HOST)";
				CODE_SIGN_STYLE = Automatic;
				INFOPLIST_FILE = SampleDelegateTests/Info.plist;
				IPHONEOS_DEPLOYMENT_TARGET = 14.0;
				LD_RUNPATH_SEARCH_PATHS = (
					"$(inherited)",
					"@executable_path/Frameworks",
					"@loader_path/Frameworks",
				);
				PRODUCT_BUNDLE_IDENTIFIER = "tk-hase.SampleDelegateTests";
				PRODUCT_NAME = "$(TARGET_NAME)";
				SWIFT_VERSION = 5.0;
				TARGETED_DEVICE_FAMILY = "1,2";
				TEST_HOST = "$(BUILT_PRODUCTS_DIR)/SampleDelegate.app/SampleDelegate";
			};
			name = Debug;
		};
		52338DBC27437D460025C4F7 /* Release */ = {
			isa = XCBuildConfiguration;
			buildSettings = {
				ALWAYS_EMBED_SWIFT_STANDARD_LIBRARIES = YES;
				BUNDLE_LOADER = "$(TEST_HOST)";
				CODE_SIGN_STYLE = Automatic;
				INFOPLIST_FILE = SampleDelegateTests/Info.plist;
				IPHONEOS_DEPLOYMENT_TARGET = 14.0;
				LD_RUNPATH_SEARCH_PATHS = (
					"$(inherited)",
					"@executable_path/Frameworks",
					"@loader_path/Frameworks",
				);
				PRODUCT_BUNDLE_IDENTIFIER = "tk-hase.SampleDelegateTests";
				PRODUCT_NAME = "$(TARGET_NAME)";
				SWIFT_VERSION = 5.0;
				TARGETED_DEVICE_FAMILY = "1,2";
				TEST_HOST = "$(BUILT_PRODUCTS_DIR)/SampleDelegate.app/SampleDelegate";
			};
			name = Release;
		};
		52338DBE27437D460025C4F7 /* Debug */ = {
			isa = XCBuildConfiguration;
			buildSettings = {
				ALWAYS_EMBED_SWIFT_STANDARD_LIBRARIES = YES;
				CODE_SIGN_STYLE = Automatic;
				INFOPLIST_FILE = SampleDelegateUITests/Info.plist;
				LD_RUNPATH_SEARCH_PATHS = (
					"$(inherited)",
					"@executable_path/Frameworks",
					"@loader_path/Frameworks",
				);
				PRODUCT_BUNDLE_IDENTIFIER = "tk-hase.SampleDelegateUITests";
				PRODUCT_NAME = "$(TARGET_NAME)";
				SWIFT_VERSION = 5.0;
				TARGETED_DEVICE_FAMILY = "1,2";
				TEST_TARGET_NAME = SampleDelegate;
			};
			name = Debug;
		};
		52338DBF27437D460025C4F7 /* Release */ = {
			isa = XCBuildConfiguration;
			buildSettings = {
				ALWAYS_EMBED_SWIFT_STANDARD_LIBRARIES = YES;
				CODE_SIGN_STYLE = Automatic;
				INFOPLIST_FILE = SampleDelegateUITests/Info.plist;
				LD_RUNPATH_SEARCH_PATHS = (
					"$(inherited)",
					"@executable_path/Frameworks",
					"@loader_path/Frameworks",
				);
				PRODUCT_BUNDLE_IDENTIFIER = "tk-hase.SampleDelegateUITests";
				PRODUCT_NAME = "$(TARGET_NAME)";
				SWIFT_VERSION = 5.0;
				TARGETED_DEVICE_FAMILY = "1,2";
				TEST_TARGET_NAME = SampleDelegate;
			};
			name = Release;
		};
/* End XCBuildConfiguration section */

/* Begin XCConfigurationList section */
		52338D8D27437D3F0025C4F7 /* Build configuration list for PBXProject "SampleDelegate" */ = {
			isa = XCConfigurationList;
			buildConfigurations = (
				52338DB527437D460025C4F7 /* Debug */,
				52338DB627437D460025C4F7 /* Release */,
			);
			defaultConfigurationIsVisible = 0;
			defaultConfigurationName = Release;
		};
		52338DB727437D460025C4F7 /* Build configuration list for PBXNativeTarget "SampleDelegate" */ = {
			isa = XCConfigurationList;
			buildConfigurations = (
				52338DB827437D460025C4F7 /* Debug */,
				52338DB927437D460025C4F7 /* Release */,
			);
			defaultConfigurationIsVisible = 0;
			defaultConfigurationName = Release;
		};
		52338DBA27437D460025C4F7 /* Build configuration list for PBXNativeTarget "SampleDelegateTests" */ = {
			isa = XCConfigurationList;
			buildConfigurations = (
				52338DBB27437D460025C4F7 /* Debug */,
				52338DBC27437D460025C4F7 /* Release */,
			);
			defaultConfigurationIsVisible = 0;
			defaultConfigurationName = Release;
		};
		52338DBD27437D460025C4F7 /* Build configuration list for PBXNativeTarget "SampleDelegateUITests" */ = {
			isa = XCConfigurationList;
			buildConfigurations = (
				52338DBE27437D460025C4F7 /* Debug */,
				52338DBF27437D460025C4F7 /* Release */,
			);
			defaultConfigurationIsVisible = 0;
			defaultConfigurationName = Release;
		};
/* End XCConfigurationList section */
	};
	rootObject = 52338D8A27437D3F0025C4F7 /* Project object */;
}
